
Microsoft Visual Studio Solution File, Format Version 12.00
# Visual Studio Version 17
VisualStudioVersion = 17.9.34723.18
MinimumVisualStudioVersion = 10.0.40219.1
Project("{2150E333-8FDC-42A3-9474-1A3956D46DE8}") = "src", "src", "{28AD0790-CE71-42D3-A4A0-2644208A2B5C}"
EndProject
Project("{2150E333-8FDC-42A3-9474-1A3956D46DE8}") = "Solution Items", "Solution Items", "{0D80EBCF-7276-4B8A-A4EF-D32B33A82F8D}"
EndProject
Project("{2150E333-8FDC-42A3-9474-1A3956D46DE8}") = "test", "test", "{EA0DDC35-5DD8-4E5E-A14E-5BDE10D47059}"
EndProject
Project("{9A19103F-16F7-4668-BE54-9A1E7A4F7556}") = "Rel.Api", "src\Rel.Api\Rel.Api.csproj", "{87AF1B9C-99C9-4853-8A7B-67BC5D4121D8}"
EndProject
Project("{9A19103F-16F7-4668-BE54-9A1E7A4F7556}") = "Rel.Application", "src\Rel.Application\Rel.Application.csproj", "{B5DC77B5-0B54-4BCD-82D8-AC4E37958DD0}"
EndProject
Project("{9A19103F-16F7-4668-BE54-9A1E7A4F7556}") = "Rel.Contract", "src\Rel.Contract\Rel.Contract.csproj", "{E04E4123-B4DE-4B93-9307-882CE30C3BEC}"
EndProject
Project("{9A19103F-16F7-4668-BE54-9A1E7A4F7556}") = "Rel.Domain", "src\Rel.Domain\Rel.Domain.csproj", "{9658ACFA-9592-4916-9ED8-917D5015B22C}"
EndProject
Project("{9A19103F-16F7-4668-BE54-9A1E7A4F7556}") = "Rel.Infrastructure", "src\Rel.Infrastructure\Rel.Infrastructure.csproj", "{505D0D5D-950E-4E3E-B735-2ADB8F9C0CC7}"
EndProject
Project("{9A19103F-16F7-4668-BE54-9A1E7A4F7556}") = "Rel.Persistence", "src\Rel.Persistence\Rel.Persistence.csproj", "{EA47FC28-E4DB-41B3-BD62-DB48E0C0327B}"
EndProject
Project("{9A19103F-16F7-4668-BE54-9A1E7A4F7556}") = "Rel.Presentation", "src\Rel.Presentation\Rel.Presentation.csproj", "{5C0FC70C-849D-4283-8E75-AB7475F57917}"
EndProject
Global
	GlobalSection(SolutionConfigurationPlatforms) = preSolution
		Debug|Any CPU = Debug|Any CPU
		Release|Any CPU = Release|Any CPU
	EndGlobalSection
	GlobalSection(ProjectConfigurationPlatforms) = postSolution
		{87AF1B9C-99C9-4853-8A7B-67BC5D4121D8}.Debug|Any CPU.ActiveCfg = Debug|Any CPU
		{87AF1B9C-99C9-4853-8A7B-67BC5D4121D8}.Debug|Any CPU.Build.0 = Debug|Any CPU
		{87AF1B9C-99C9-4853-8A7B-67BC5D4121D8}.Release|Any CPU.ActiveCfg = Release|Any CPU
		{87AF1B9C-99C9-4853-8A7B-67BC5D4121D8}.Release|Any CPU.Build.0 = Release|Any CPU
		{B5DC77B5-0B54-4BCD-82D8-AC4E37958DD0}.Debug|Any CPU.ActiveCfg = Debug|Any CPU
		{B5DC77B5-0B54-4BCD-82D8-AC4E37958DD0}.Debug|Any CPU.Build.0 = Debug|Any CPU
		{B5DC77B5-0B54-4BCD-82D8-AC4E37958DD0}.Release|Any CPU.ActiveCfg = Release|Any CPU
		{B5DC77B5-0B54-4BCD-82D8-AC4E37958DD0}.Release|Any CPU.Build.0 = Release|Any CPU
		{E04E4123-B4DE-4B93-9307-882CE30C3BEC}.Debug|Any CPU.ActiveCfg = Debug|Any CPU
		{E04E4123-B4DE-4B93-9307-882CE30C3BEC}.Debug|Any CPU.Build.0 = Debug|Any CPU
		{E04E4123-B4DE-4B93-9307-882CE30C3BEC}.Release|Any CPU.ActiveCfg = Release|Any CPU
		{E04E4123-B4DE-4B93-9307-882CE30C3BEC}.Release|Any CPU.Build.0 = Release|Any CPU
		{9658ACFA-9592-4916-9ED8-917D5015B22C}.Debug|Any CPU.ActiveCfg = Debug|Any CPU
		{9658ACFA-9592-4916-9ED8-917D5015B22C}.Debug|Any CPU.Build.0 = Debug|Any CPU
		{9658ACFA-9592-4916-9ED8-917D5015B22C}.Release|Any CPU.ActiveCfg = Release|Any CPU
		{9658ACFA-9592-4916-9ED8-917D5015B22C}.Release|Any CPU.Build.0 = Release|Any CPU
		{505D0D5D-950E-4E3E-B735-2ADB8F9C0CC7}.Debug|Any CPU.ActiveCfg = Debug|Any CPU
		{505D0D5D-950E-4E3E-B735-2ADB8F9C0CC7}.Debug|Any CPU.Build.0 = Debug|Any CPU
		{505D0D5D-950E-4E3E-B735-2ADB8F9C0CC7}.Release|Any CPU.ActiveCfg = Release|Any CPU
		{505D0D5D-950E-4E3E-B735-2ADB8F9C0CC7}.Release|Any CPU.Build.0 = Release|Any CPU
		{EA47FC28-E4DB-41B3-BD62-DB48E0C0327B}.Debug|Any CPU.ActiveCfg = Debug|Any CPU
		{EA47FC28-E4DB-41B3-BD62-DB48E0C0327B}.Debug|Any CPU.Build.0 = Debug|Any CPU
		{EA47FC28-E4DB-41B3-BD62-DB48E0C0327B}.Release|Any CPU.ActiveCfg = Release|Any CPU
		{EA47FC28-E4DB-41B3-BD62-DB48E0C0327B}.Release|Any CPU.Build.0 = Release|Any CPU
		{5C0FC70C-849D-4283-8E75-AB7475F57917}.Debug|Any CPU.ActiveCfg = Debug|Any CPU
		{5C0FC70C-849D-4283-8E75-AB7475F57917}.Debug|Any CPU.Build.0 = Debug|Any CPU
		{5C0FC70C-849D-4283-8E75-AB7475F57917}.Release|Any CPU.ActiveCfg = Release|Any CPU
		{5C0FC70C-849D-4283-8E75-AB7475F57917}.Release|Any CPU.Build.0 = Release|Any CPU
	EndGlobalSection
	GlobalSection(SolutionProperties) = preSolution
		HideSolutionNode = FALSE
	EndGlobalSection
	GlobalSection(NestedProjects) = preSolution
		{87AF1B9C-99C9-4853-8A7B-67BC5D4121D8} = {28AD0790-CE71-42D3-A4A0-2644208A2B5C}
		{B5DC77B5-0B54-4BCD-82D8-AC4E37958DD0} = {28AD0790-CE71-42D3-A4A0-2644208A2B5C}
		{E04E4123-B4DE-4B93-9307-882CE30C3BEC} = {28AD0790-CE71-42D3-A4A0-2644208A2B5C}
		{9658ACFA-9592-4916-9ED8-917D5015B22C} = {28AD0790-CE71-42D3-A4A0-2644208A2B5C}
		{505D0D5D-950E-4E3E-B735-2ADB8F9C0CC7} = {28AD0790-CE71-42D3-A4A0-2644208A2B5C}
		{EA47FC28-E4DB-41B3-BD62-DB48E0C0327B} = {28AD0790-CE71-42D3-A4A0-2644208A2B5C}
		{5C0FC70C-849D-4283-8E75-AB7475F57917} = {28AD0790-CE71-42D3-A4A0-2644208A2B5C}
	EndGlobalSection
	GlobalSection(ExtensibilityGlobals) = postSolution
		SolutionGuid = {FB97BD1C-9C97-43A9-BA72-4AD871437186}
	EndGlobalSection
EndGlobal
